// !$*UTF8*$!
{
	archiveVersion = 1;
	classes = {
	};
	objectVersion = 77;
	objects = {

/* Begin PBXBuildFile section */
		04BC3F76E0EDFDC270D9CF0C /* BatterySnapshot.swift in Sources */ = {isa = PBXBuildFile; fileRef = 39B301DB1DFC1AEAD9FFD407 /* BatterySnapshot.swift */; };
		0E0DE066DF399483F5AAFAFF /* BeaconHUDView.swift in Sources */ = {isa = PBXBuildFile; fileRef = DA14437C753C2C72E7DCF4AA /* BeaconHUDView.swift */; };
		144D530D5C2CE0B5BCD61AE7 /* BeaconQuickActions.swift in Sources */ = {isa = PBXBuildFile; fileRef = 83003948902C5FE7458516EE /* BeaconQuickActions.swift */; };
		1D2571D4A04FFCD5F6F21A8A /* BeaconSettingsWindowController.swift in Sources */ = {isa = PBXBuildFile; fileRef = AE98B7B5C78C9741FAEA0A75 /* BeaconSettingsWindowController.swift */; };
		1EE94522FFC39C4D79D3F76F /* BatterySnapshotStore.swift in Sources */ = {isa = PBXBuildFile; fileRef = CF12E505932A7869669DBDB9 /* BatterySnapshotStore.swift */; };
		2238DCC0CD90A32F21014B6C /* BatteryHistoryStore.swift in Sources */ = {isa = PBXBuildFile; fileRef = 58F16D3C33EE768C2BB31D7C /* BatteryHistoryStore.swift */; };
		230198441D082928C94CAE47 /* Assets.xcassets in Resources */ = {isa = PBXBuildFile; fileRef = 6765EC1A3AC0B4385ECA7805 /* Assets.xcassets */; };
		243543D8D019ED698C45C488 /* LowBatteryNotifierFreshnessTests.swift in Sources */ = {isa = PBXBuildFile; fileRef = 1272E76938E13DEC819BAD84 /* LowBatteryNotifierFreshnessTests.swift */; };
		376F8A2AA3589AA8668FA2C4 /* WindowAccessibilityTests.swift in Sources */ = {isa = PBXBuildFile; fileRef = 6D65C05E03CC6517BB8EA7C4 /* WindowAccessibilityTests.swift */; };
		39D59897D914543FDE7B70F3 /* BeaconHUDController.swift in Sources */ = {isa = PBXBuildFile; fileRef = 8AEC0B7B0A3C5597B299A2B5 /* BeaconHUDController.swift */; };
		4670576BE3981977733DA905 /* BeaconStatusController.swift in Sources */ = {isa = PBXBuildFile; fileRef = 27D70580BC57793CE0FADEF0 /* BeaconStatusController.swift */; };
		4A65059572403B13720EB6EC /* DeviceBatteryRow.swift in Sources */ = {isa = PBXBuildFile; fileRef = 0AFAF2B21F32B40BCE0DDA23 /* DeviceBatteryRow.swift */; };
		51AED715AB0260398EA3545E /* StatusMenuView.swift in Sources */ = {isa = PBXBuildFile; fileRef = B8F5CFA3EE741ED116550AFB /* StatusMenuView.swift */; };
		53073ECBB082D056B27B050F /* BeaconAppShortcuts.swift in Sources */ = {isa = PBXBuildFile; fileRef = 37F3CF1AFAD597E2693F9D08 /* BeaconAppShortcuts.swift */; };
		58FB82C93A5920099D0A9E04 /* LowBatteryNotifier.swift in Sources */ = {isa = PBXBuildFile; fileRef = 3024F441E85EF1AF639F9032 /* LowBatteryNotifier.swift */; };
		5B7D1A21024B8E1E55A43919 /* StatusMenuPanelController.swift in Sources */ = {isa = PBXBuildFile; fileRef = 0A4D64755B98EE7C45D25BC8 /* StatusMenuPanelController.swift */; };
		5D620D0C764B067E54110992 /* BatteryProviderRunner.swift in Sources */ = {isa = PBXBuildFile; fileRef = EE8F6FDFC7313A2021A7F2FE /* BatteryProviderRunner.swift */; };
		6ABE8E950AB7F96716D0B1C1 /* QuickActionsSettingsPane.swift in Sources */ = {isa = PBXBuildFile; fileRef = 51CC15AD0413CC94BA3FA1CF /* QuickActionsSettingsPane.swift */; };
		6B53C9E156C0653C62E4F724 /* BatteryProviderRunnerTests.swift in Sources */ = {isa = PBXBuildFile; fileRef = 96C70DCAC3E1A47342D30FB7 /* BatteryProviderRunnerTests.swift */; };
		70F23A8F0D2355F94C0B5121 /* BeaconMacApp.swift in Sources */ = {isa = PBXBuildFile; fileRef = 0572BDAF185BEAAA9EE6DDEB /* BeaconMacApp.swift */; };
		757D87D1560E861C813D43C5 /* BatterySnapshotStoreTests.swift in Sources */ = {isa = PBXBuildFile; fileRef = FC2247AA89FCDB5CCFE789F0 /* BatterySnapshotStoreTests.swift */; };
		8E288E3C8B3231E85EB0FB63 /* ActionHUDSettingsPane.swift in Sources */ = {isa = PBXBuildFile; fileRef = 712158D8A1D5055A40B71EED /* ActionHUDSettingsPane.swift */; };
		A31ACFD3EDCB4768C9EE3082 /* BluetoothBatteryResolver.swift in Sources */ = {isa = PBXBuildFile; fileRef = 0922ECCDF04EFE6136C64551 /* BluetoothBatteryResolver.swift */; };
		B482AA509249A81FE5F56778 /* DeviceListPresentation.swift in Sources */ = {isa = PBXBuildFile; fileRef = 5DBB0F2D5F8FF9FFCB1AD693 /* DeviceListPresentation.swift */; };
		B67A46A69A7E2B90FD534E21 /* BluetoothDeviceScanner.swift in Sources */ = {isa = PBXBuildFile; fileRef = 550C0817368D56189D384E48 /* BluetoothDeviceScanner.swift */; };
		C8E65576C4B592832F6EBC90 /* DeviceListPresentationTests.swift in Sources */ = {isa = PBXBuildFile; fileRef = 2854B69F96AEFF5C6596BAFB /* DeviceListPresentationTests.swift */; };
		CF8AD3BFEDE12AFB2B19E25B /* DesignTokens.swift in Sources */ = {isa = PBXBuildFile; fileRef = D6628EF4A0FE3A1028C2E7DE /* DesignTokens.swift */; };
		D34D7FADF14D90A27D49D1AE /* BeaconSettingsSupportViews.swift in Sources */ = {isa = PBXBuildFile; fileRef = C076A50AB2933A2E15E880E4 /* BeaconSettingsSupportViews.swift */; };
		D805A3AC420A4F1F4E08DE48 /* BeaconSettingsView.swift in Sources */ = {isa = PBXBuildFile; fileRef = 4738A433E5F28FC4D87CFDD6 /* BeaconSettingsView.swift */; };
		DE4F73DCD277B829888A4845 /* BeaconDesktopWidgetView.swift in Sources */ = {isa = PBXBuildFile; fileRef = A98447BDF2F9D5773ECADE47 /* BeaconDesktopWidgetView.swift */; };
		DFC559BACEFC876F5A35E41A /* DashboardSettingsPane.swift in Sources */ = {isa = PBXBuildFile; fileRef = 69BDB8AD2B4CC24408772E50 /* DashboardSettingsPane.swift */; };
		E8AA626A2247A7F79EFCE42E /* BluetoothBatteryResolverTests.swift in Sources */ = {isa = PBXBuildFile; fileRef = 7F7F5FC1C8BDDCD77A766720 /* BluetoothBatteryResolverTests.swift */; };
		EBDBD7AD39672AD7DAC6A950 /* BeaconUITests.swift in Sources */ = {isa = PBXBuildFile; fileRef = B19A161032A69B238FD0C0E3 /* BeaconUITests.swift */; };
		F81474E0D1FF064777791D2F /* StatusMenuSnapshotTests.swift in Sources */ = {isa = PBXBuildFile; fileRef = F9924F50E7814A7E4CF7477B /* StatusMenuSnapshotTests.swift */; };
/* End PBXBuildFile section */

/* Begin PBXContainerItemProxy section */
		7877CCD569985AE16EF5944D /* PBXContainerItemProxy */ = {
			isa = PBXContainerItemProxy;
			containerPortal = C6CDC17607DFF5D714886E77 /* Project object */;
			proxyType = 1;
			remoteGlobalIDString = 22D8EF4F0C30F481675D65B8;
			remoteInfo = BeaconMac;
		};
		9A67925E1DEB2CA8947952F7 /* PBXContainerItemProxy */ = {
			isa = PBXContainerItemProxy;
			containerPortal = C6CDC17607DFF5D714886E77 /* Project object */;
			proxyType = 1;
			remoteGlobalIDString = 22D8EF4F0C30F481675D65B8;
			remoteInfo = BeaconMac;
		};
/* End PBXContainerItemProxy section */

/* Begin PBXFileReference section */
		035F8236D253BBD9B56A6F07 /* BeaconUITests.xctest */ = {isa = PBXFileReference; explicitFileType = wrapper.cfbundle; includeInIndex = 0; path = BeaconUITests.xctest; sourceTree = BUILT_PRODUCTS_DIR; };
		0572BDAF185BEAAA9EE6DDEB /* BeaconMacApp.swift */ = {isa = PBXFileReference; lastKnownFileType = sourcecode.swift; path = BeaconMacApp.swift; sourceTree = "<group>"; };
		0922ECCDF04EFE6136C64551 /* BluetoothBatteryResolver.swift */ = {isa = PBXFileReference; lastKnownFileType = sourcecode.swift; path = BluetoothBatteryResolver.swift; sourceTree = "<group>"; };
		0A4D64755B98EE7C45D25BC8 /* StatusMenuPanelController.swift */ = {isa = PBXFileReference; lastKnownFileType = sourcecode.swift; path = StatusMenuPanelController.swift; sourceTree = "<group>"; };
		0AFAF2B21F32B40BCE0DDA23 /* DeviceBatteryRow.swift */ = {isa = PBXFileReference; lastKnownFileType = sourcecode.swift; path = DeviceBatteryRow.swift; sourceTree = "<group>"; };
		0E213AC3FB1B698F6CEEC722 /* Info.plist */ = {isa = PBXFileReference; lastKnownFileType = text.plist; path = Info.plist; sourceTree = "<group>"; };
		1272E76938E13DEC819BAD84 /* LowBatteryNotifierFreshnessTests.swift */ = {isa = PBXFileReference; lastKnownFileType = sourcecode.swift; path = LowBatteryNotifierFreshnessTests.swift; sourceTree = "<group>"; };
		27D70580BC57793CE0FADEF0 /* BeaconStatusController.swift */ = {isa = PBXFileReference; lastKnownFileType = sourcecode.swift; path = BeaconStatusController.swift; sourceTree = "<group>"; };
		2854B69F96AEFF5C6596BAFB /* DeviceListPresentationTests.swift */ = {isa = PBXFileReference; lastKnownFileType = sourcecode.swift; path = DeviceListPresentationTests.swift; sourceTree = "<group>"; };
		3024F441E85EF1AF639F9032 /* LowBatteryNotifier.swift */ = {isa = PBXFileReference; lastKnownFileType = sourcecode.swift; path = LowBatteryNotifier.swift; sourceTree = "<group>"; };
		37F3CF1AFAD597E2693F9D08 /* BeaconAppShortcuts.swift */ = {isa = PBXFileReference; lastKnownFileType = sourcecode.swift; path = BeaconAppShortcuts.swift; sourceTree = "<group>"; };
		39B301DB1DFC1AEAD9FFD407 /* BatterySnapshot.swift */ = {isa = PBXFileReference; lastKnownFileType = sourcecode.swift; path = BatterySnapshot.swift; sourceTree = "<group>"; };
		4738A433E5F28FC4D87CFDD6 /* BeaconSettingsView.swift */ = {isa = PBXFileReference; lastKnownFileType = sourcecode.swift; path = BeaconSettingsView.swift; sourceTree = "<group>"; };
		51CC15AD0413CC94BA3FA1CF /* QuickActionsSettingsPane.swift */ = {isa = PBXFileReference; lastKnownFileType = sourcecode.swift; path = QuickActionsSettingsPane.swift; sourceTree = "<group>"; };
		550C0817368D56189D384E48 /* BluetoothDeviceScanner.swift */ = {isa = PBXFileReference; lastKnownFileType = sourcecode.swift; path = BluetoothDeviceScanner.swift; sourceTree = "<group>"; };
		58F16D3C33EE768C2BB31D7C /* BatteryHistoryStore.swift */ = {isa = PBXFileReference; lastKnownFileType = sourcecode.swift; path = BatteryHistoryStore.swift; sourceTree = "<group>"; };
		5DBB0F2D5F8FF9FFCB1AD693 /* DeviceListPresentation.swift */ = {isa = PBXFileReference; lastKnownFileType = sourcecode.swift; path = DeviceListPresentation.swift; sourceTree = "<group>"; };
		6765EC1A3AC0B4385ECA7805 /* Assets.xcassets */ = {isa = PBXFileReference; lastKnownFileType = folder.assetcatalog; path = Assets.xcassets; sourceTree = "<group>"; };
		69BDB8AD2B4CC24408772E50 /* DashboardSettingsPane.swift */ = {isa = PBXFileReference; lastKnownFileType = sourcecode.swift; path = DashboardSettingsPane.swift; sourceTree = "<group>"; };
		6D65C05E03CC6517BB8EA7C4 /* WindowAccessibilityTests.swift */ = {isa = PBXFileReference; lastKnownFileType = sourcecode.swift; path = WindowAccessibilityTests.swift; sourceTree = "<group>"; };
		712158D8A1D5055A40B71EED /* ActionHUDSettingsPane.swift */ = {isa = PBXFileReference; lastKnownFileType = sourcecode.swift; path = ActionHUDSettingsPane.swift; sourceTree = "<group>"; };
		757E016D3707EE4CB64CFAEC /* BeaconTests.xctest */ = {isa = PBXFileReference; explicitFileType = wrapper.cfbundle; includeInIndex = 0; path = BeaconTests.xctest; sourceTree = BUILT_PRODUCTS_DIR; };
		7F7F5FC1C8BDDCD77A766720 /* BluetoothBatteryResolverTests.swift */ = {isa = PBXFileReference; lastKnownFileType = sourcecode.swift; path = BluetoothBatteryResolverTests.swift; sourceTree = "<group>"; };
		83003948902C5FE7458516EE /* BeaconQuickActions.swift */ = {isa = PBXFileReference; lastKnownFileType = sourcecode.swift; path = BeaconQuickActions.swift; sourceTree = "<group>"; };
		880527582A8993BB88F33C39 /* BeaconMac.app */ = {isa = PBXFileReference; explicitFileType = wrapper.application; includeInIndex = 0; path = BeaconMac.app; sourceTree = BUILT_PRODUCTS_DIR; };
		8AEC0B7B0A3C5597B299A2B5 /* BeaconHUDController.swift */ = {isa = PBXFileReference; lastKnownFileType = sourcecode.swift; path = BeaconHUDController.swift; sourceTree = "<group>"; };
		96C70DCAC3E1A47342D30FB7 /* BatteryProviderRunnerTests.swift */ = {isa = PBXFileReference; lastKnownFileType = sourcecode.swift; path = BatteryProviderRunnerTests.swift; sourceTree = "<group>"; };
		A11F3FCBE3CCB0BFC94851DE /* BeaconMac.entitlements */ = {isa = PBXFileReference; lastKnownFileType = text.plist.entitlements; path = BeaconMac.entitlements; sourceTree = "<group>"; };
		A98447BDF2F9D5773ECADE47 /* BeaconDesktopWidgetView.swift */ = {isa = PBXFileReference; lastKnownFileType = sourcecode.swift; path = BeaconDesktopWidgetView.swift; sourceTree = "<group>"; };
		AE98B7B5C78C9741FAEA0A75 /* BeaconSettingsWindowController.swift */ = {isa = PBXFileReference; lastKnownFileType = sourcecode.swift; path = BeaconSettingsWindowController.swift; sourceTree = "<group>"; };
		B19A161032A69B238FD0C0E3 /* BeaconUITests.swift */ = {isa = PBXFileReference; lastKnownFileType = sourcecode.swift; path = BeaconUITests.swift; sourceTree = "<group>"; };
		B8F5CFA3EE741ED116550AFB /* StatusMenuView.swift */ = {isa = PBXFileReference; lastKnownFileType = sourcecode.swift; path = StatusMenuView.swift; sourceTree = "<group>"; };
		C076A50AB2933A2E15E880E4 /* BeaconSettingsSupportViews.swift */ = {isa = PBXFileReference; lastKnownFileType = sourcecode.swift; path = BeaconSettingsSupportViews.swift; sourceTree = "<group>"; };
		CF12E505932A7869669DBDB9 /* BatterySnapshotStore.swift */ = {isa = PBXFileReference; lastKnownFileType = sourcecode.swift; path = BatterySnapshotStore.swift; sourceTree = "<group>"; };
		D6628EF4A0FE3A1028C2E7DE /* DesignTokens.swift */ = {isa = PBXFileReference; lastKnownFileType = sourcecode.swift; path = DesignTokens.swift; sourceTree = "<group>"; };
		DA14437C753C2C72E7DCF4AA /* BeaconHUDView.swift */ = {isa = PBXFileReference; lastKnownFileType = sourcecode.swift; path = BeaconHUDView.swift; sourceTree = "<group>"; };
		EE8F6FDFC7313A2021A7F2FE /* BatteryProviderRunner.swift */ = {isa = PBXFileReference; lastKnownFileType = sourcecode.swift; path = BatteryProviderRunner.swift; sourceTree = "<group>"; };
		F9924F50E7814A7E4CF7477B /* StatusMenuSnapshotTests.swift */ = {isa = PBXFileReference; lastKnownFileType = sourcecode.swift; path = StatusMenuSnapshotTests.swift; sourceTree = "<group>"; };
		FC2247AA89FCDB5CCFE789F0 /* BatterySnapshotStoreTests.swift */ = {isa = PBXFileReference; lastKnownFileType = sourcecode.swift; path = BatterySnapshotStoreTests.swift; sourceTree = "<group>"; };
/* End PBXFileReference section */

/* Begin PBXGroup section */
		1168A4BC81DD0ED8F231522A /* Shared */ = {
			isa = PBXGroup;
			children = (
				58F16D3C33EE768C2BB31D7C /* BatteryHistoryStore.swift */,
				39B301DB1DFC1AEAD9FFD407 /* BatterySnapshot.swift */,
				CF12E505932A7869669DBDB9 /* BatterySnapshotStore.swift */,
				D6628EF4A0FE3A1028C2E7DE /* DesignTokens.swift */,
			);
			name = Shared;
			path = Beacon/Shared;
			sourceTree = "<group>";
		};
		310A6E5613670DF7E7DF9A13 /* BeaconUITests */ = {
			isa = PBXGroup;
			children = (
				B19A161032A69B238FD0C0E3 /* BeaconUITests.swift */,
				F9924F50E7814A7E4CF7477B /* StatusMenuSnapshotTests.swift */,
			);
			path = BeaconUITests;
			sourceTree = "<group>";
		};
		3775047BE660E575CD18F67A /* Products */ = {
			isa = PBXGroup;
			children = (
				880527582A8993BB88F33C39 /* BeaconMac.app */,
				757E016D3707EE4CB64CFAEC /* BeaconTests.xctest */,
				035F8236D253BBD9B56A6F07 /* BeaconUITests.xctest */,
			);
			name = Products;
			sourceTree = "<group>";
		};
		44875F991DE96925758A1F7C /* Mac */ = {
			isa = PBXGroup;
			children = (
				712158D8A1D5055A40B71EED /* ActionHUDSettingsPane.swift */,
				6765EC1A3AC0B4385ECA7805 /* Assets.xcassets */,
				EE8F6FDFC7313A2021A7F2FE /* BatteryProviderRunner.swift */,
				37F3CF1AFAD597E2693F9D08 /* BeaconAppShortcuts.swift */,
				A98447BDF2F9D5773ECADE47 /* BeaconDesktopWidgetView.swift */,
				8AEC0B7B0A3C5597B299A2B5 /* BeaconHUDController.swift */,
				DA14437C753C2C72E7DCF4AA /* BeaconHUDView.swift */,
				A11F3FCBE3CCB0BFC94851DE /* BeaconMac.entitlements */,
				0572BDAF185BEAAA9EE6DDEB /* BeaconMacApp.swift */,
				83003948902C5FE7458516EE /* BeaconQuickActions.swift */,
				C076A50AB2933A2E15E880E4 /* BeaconSettingsSupportViews.swift */,
				4738A433E5F28FC4D87CFDD6 /* BeaconSettingsView.swift */,
				AE98B7B5C78C9741FAEA0A75 /* BeaconSettingsWindowController.swift */,
				27D70580BC57793CE0FADEF0 /* BeaconStatusController.swift */,
				0922ECCDF04EFE6136C64551 /* BluetoothBatteryResolver.swift */,
				550C0817368D56189D384E48 /* BluetoothDeviceScanner.swift */,
				69BDB8AD2B4CC24408772E50 /* DashboardSettingsPane.swift */,
				0AFAF2B21F32B40BCE0DDA23 /* DeviceBatteryRow.swift */,
				5DBB0F2D5F8FF9FFCB1AD693 /* DeviceListPresentation.swift */,
				0E213AC3FB1B698F6CEEC722 /* Info.plist */,
				3024F441E85EF1AF639F9032 /* LowBatteryNotifier.swift */,
				51CC15AD0413CC94BA3FA1CF /* QuickActionsSettingsPane.swift */,
				0A4D64755B98EE7C45D25BC8 /* StatusMenuPanelController.swift */,
				B8F5CFA3EE741ED116550AFB /* StatusMenuView.swift */,
			);
			name = Mac;
			path = Beacon/Mac;
			sourceTree = "<group>";
		};
		7D305C7354F60FF4F0BA1A1C = {
			isa = PBXGroup;
			children = (
				D014B8C60FB1A12368B2921D /* BeaconTests */,
				310A6E5613670DF7E7DF9A13 /* BeaconUITests */,
				44875F991DE96925758A1F7C /* Mac */,
				1168A4BC81DD0ED8F231522A /* Shared */,
				3775047BE660E575CD18F67A /* Products */,
			);
			sourceTree = "<group>";
		};
		D014B8C60FB1A12368B2921D /* BeaconTests */ = {
			isa = PBXGroup;
			children = (
				96C70DCAC3E1A47342D30FB7 /* BatteryProviderRunnerTests.swift */,
				FC2247AA89FCDB5CCFE789F0 /* BatterySnapshotStoreTests.swift */,
				7F7F5FC1C8BDDCD77A766720 /* BluetoothBatteryResolverTests.swift */,
				2854B69F96AEFF5C6596BAFB /* DeviceListPresentationTests.swift */,
				1272E76938E13DEC819BAD84 /* LowBatteryNotifierFreshnessTests.swift */,
				6D65C05E03CC6517BB8EA7C4 /* WindowAccessibilityTests.swift */,
			);
			path = BeaconTests;
			sourceTree = "<group>";
		};
/* End PBXGroup section */

/* Begin PBXNativeTarget section */
		096F5A749F555B74DAE0D4F7 /* BeaconTests */ = {
			isa = PBXNativeTarget;
			buildConfigurationList = 23F7DF56A173EBF103899977 /* Build configuration list for PBXNativeTarget "BeaconTests" */;
			buildPhases = (
				76712B1AAB0F87B25CA1C75F /* Sources */,
			);
			buildRules = (
			);
			dependencies = (
				D679C5DCA5769E1AFB96B0DE /* PBXTargetDependency */,
			);
			name = BeaconTests;
			packageProductDependencies = (
			);
			productName = BeaconTests;
			productReference = 757E016D3707EE4CB64CFAEC /* BeaconTests.xctest */;
			productType = "com.apple.product-type.bundle.unit-test";
		};
		22D8EF4F0C30F481675D65B8 /* BeaconMac */ = {
			isa = PBXNativeTarget;
			buildConfigurationList = FC6561D19700C0783C1D33D1 /* Build configuration list for PBXNativeTarget "BeaconMac" */;
			buildPhases = (
				91B77D29DC4DBF92414DE946 /* Sources */,
				E02B6D39FE9AA781AA762D03 /* Resources */,
			);
			buildRules = (
			);
			dependencies = (
			);
			name = BeaconMac;
			packageProductDependencies = (
			);
			productName = BeaconMac;
			productReference = 880527582A8993BB88F33C39 /* BeaconMac.app */;
			productType = "com.apple.product-type.application";
		};
		752607ECEAF8C53DF8A99AF0 /* BeaconUITests */ = {
			isa = PBXNativeTarget;
			buildConfigurationList = 174F3405B4A65D94F1324C19 /* Build configuration list for PBXNativeTarget "BeaconUITests" */;
			buildPhases = (
				9FCBAA2EC543C6C25901D1A8 /* Sources */,
			);
			buildRules = (
			);
			dependencies = (
				50F9F260D8C231C3A4DE8DC7 /* PBXTargetDependency */,
			);
			name = BeaconUITests;
			packageProductDependencies = (
			);
			productName = BeaconUITests;
			productReference = 035F8236D253BBD9B56A6F07 /* BeaconUITests.xctest */;
			productType = "com.apple.product-type.bundle.ui-testing";
		};
/* End PBXNativeTarget section */

/* Begin PBXProject section */
		C6CDC17607DFF5D714886E77 /* Project object */ = {
			isa = PBXProject;
			attributes = {
				BuildIndependentTargetsInParallel = YES;
				LastUpgradeCheck = 1430;
				TargetAttributes = {
					096F5A749F555B74DAE0D4F7 = {
						ProvisioningStyle = Manual;
					};
					22D8EF4F0C30F481675D65B8 = {
						ProvisioningStyle = Manual;
					};
					752607ECEAF8C53DF8A99AF0 = {
						ProvisioningStyle = Manual;
						TestTargetID = 22D8EF4F0C30F481675D65B8;
					};
				};
			};
			buildConfigurationList = 880646F2C181B43B6D369452 /* Build configuration list for PBXProject "Beacon" */;
			developmentRegion = en;
			hasScannedForEncodings = 0;
			knownRegions = (
				Base,
				en,
			);
			mainGroup = 7D305C7354F60FF4F0BA1A1C;
			minimizedProjectReferenceProxies = 1;
			preferredProjectObjectVersion = 77;
			productRefGroup = 3775047BE660E575CD18F67A /* Products */;
			projectDirPath = "";
			projectRoot = "";
			targets = (
				22D8EF4F0C30F481675D65B8 /* BeaconMac */,
				096F5A749F555B74DAE0D4F7 /* BeaconTests */,
				752607ECEAF8C53DF8A99AF0 /* BeaconUITests */,
			);
		};
/* End PBXProject section */

/* Begin PBXResourcesBuildPhase section */
		E02B6D39FE9AA781AA762D03 /* Resources */ = {
			isa = PBXResourcesBuildPhase;
			buildActionMask = 2147483647;
			files = (
				230198441D082928C94CAE47 /* Assets.xcassets in Resources */,
			);
			runOnlyForDeploymentPostprocessing = 0;
		};
/* End PBXResourcesBuildPhase section */

/* Begin PBXSourcesBuildPhase section */
		76712B1AAB0F87B25CA1C75F /* Sources */ = {
			isa = PBXSourcesBuildPhase;
			buildActionMask = 2147483647;
			files = (
				6B53C9E156C0653C62E4F724 /* BatteryProviderRunnerTests.swift in Sources */,
				757D87D1560E861C813D43C5 /* BatterySnapshotStoreTests.swift in Sources */,
				E8AA626A2247A7F79EFCE42E /* BluetoothBatteryResolverTests.swift in Sources */,
				C8E65576C4B592832F6EBC90 /* DeviceListPresentationTests.swift in Sources */,
				243543D8D019ED698C45C488 /* LowBatteryNotifierFreshnessTests.swift in Sources */,
				376F8A2AA3589AA8668FA2C4 /* WindowAccessibilityTests.swift in Sources */,
			);
			runOnlyForDeploymentPostprocessing = 0;
		};
		91B77D29DC4DBF92414DE946 /* Sources */ = {
			isa = PBXSourcesBuildPhase;
			buildActionMask = 2147483647;
			files = (
				8E288E3C8B3231E85EB0FB63 /* ActionHUDSettingsPane.swift in Sources */,
				2238DCC0CD90A32F21014B6C /* BatteryHistoryStore.swift in Sources */,
				5D620D0C764B067E54110992 /* BatteryProviderRunner.swift in Sources */,
				04BC3F76E0EDFDC270D9CF0C /* BatterySnapshot.swift in Sources */,
				1EE94522FFC39C4D79D3F76F /* BatterySnapshotStore.swift in Sources */,
				53073ECBB082D056B27B050F /* BeaconAppShortcuts.swift in Sources */,
				DE4F73DCD277B829888A4845 /* BeaconDesktopWidgetView.swift in Sources */,
				39D59897D914543FDE7B70F3 /* BeaconHUDController.swift in Sources */,
				0E0DE066DF399483F5AAFAFF /* BeaconHUDView.swift in Sources */,
				70F23A8F0D2355F94C0B5121 /* BeaconMacApp.swift in Sources */,
				144D530D5C2CE0B5BCD61AE7 /* BeaconQuickActions.swift in Sources */,
				D34D7FADF14D90A27D49D1AE /* BeaconSettingsSupportViews.swift in Sources */,
				D805A3AC420A4F1F4E08DE48 /* BeaconSettingsView.swift in Sources */,
				1D2571D4A04FFCD5F6F21A8A /* BeaconSettingsWindowController.swift in Sources */,
				4670576BE3981977733DA905 /* BeaconStatusController.swift in Sources */,
				A31ACFD3EDCB4768C9EE3082 /* BluetoothBatteryResolver.swift in Sources */,
				B67A46A69A7E2B90FD534E21 /* BluetoothDeviceScanner.swift in Sources */,
				DFC559BACEFC876F5A35E41A /* DashboardSettingsPane.swift in Sources */,
				CF8AD3BFEDE12AFB2B19E25B /* DesignTokens.swift in Sources */,
				4A65059572403B13720EB6EC /* DeviceBatteryRow.swift in Sources */,
				B482AA509249A81FE5F56778 /* DeviceListPresentation.swift in Sources */,
				58FB82C93A5920099D0A9E04 /* LowBatteryNotifier.swift in Sources */,
				6ABE8E950AB7F96716D0B1C1 /* QuickActionsSettingsPane.swift in Sources */,
				5B7D1A21024B8E1E55A43919 /* StatusMenuPanelController.swift in Sources */,
				51AED715AB0260398EA3545E /* StatusMenuView.swift in Sources */,
			);
			runOnlyForDeploymentPostprocessing = 0;
		};
		9FCBAA2EC543C6C25901D1A8 /* Sources */ = {
			isa = PBXSourcesBuildPhase;
			buildActionMask = 2147483647;
			files = (
				EBDBD7AD39672AD7DAC6A950 /* BeaconUITests.swift in Sources */,
				F81474E0D1FF064777791D2F /* StatusMenuSnapshotTests.swift in Sources */,
			);
			runOnlyForDeploymentPostprocessing = 0;
		};
/* End PBXSourcesBuildPhase section */

/* Begin PBXTargetDependency section */
		50F9F260D8C231C3A4DE8DC7 /* PBXTargetDependency */ = {
			isa = PBXTargetDependency;
			target = 22D8EF4F0C30F481675D65B8 /* BeaconMac */;
			targetProxy = 9A67925E1DEB2CA8947952F7 /* PBXContainerItemProxy */;
		};
		D679C5DCA5769E1AFB96B0DE /* PBXTargetDependency */ = {
			isa = PBXTargetDependency;
			target = 22D8EF4F0C30F481675D65B8 /* BeaconMac */;
			targetProxy = 7877CCD569985AE16EF5944D /* PBXContainerItemProxy */;
		};
/* End PBXTargetDependency section */

/* Begin XCBuildConfiguration section */
		199343B2CFAE33B9A10B8B84 /* Debug */ = {
			isa = XCBuildConfiguration;
			buildSettings = {
				BUNDLE_LOADER = "$(TEST_HOST)";
				COMBINE_HIDPI_IMAGES = YES;
				GENERATE_INFOPLIST_FILE = YES;
				LD_RUNPATH_SEARCH_PATHS = (
					"$(inherited)",
					"@executable_path/Frameworks",
					"@loader_path/Frameworks",
				);
				PRODUCT_BUNDLE_IDENTIFIER = com.isaacyslin.Beacon.uitests;
				SDKROOT = macosx;
				TEST_TARGET_NAME = BeaconMac;
			};
			name = Debug;
		};
		4BAB7C4A26FEAE877BDDA78F /* Debug */ = {
			isa = XCBuildConfiguration;
			buildSettings = {
				BUNDLE_LOADER = "$(TEST_HOST)";
				COMBINE_HIDPI_IMAGES = YES;
				LD_RUNPATH_SEARCH_PATHS = (
					"$(inherited)",
					"@executable_path/../Frameworks",
					"@loader_path/../Frameworks",
				);
				PRODUCT_BUNDLE_IDENTIFIER = com.isaacyslin.Beacon.tests;
				SDKROOT = macosx;
				TEST_HOST = "$(BUILT_PRODUCTS_DIR)/BeaconMac.app/Contents/MacOS/BeaconMac";
			};
			name = Debug;
		};
		9E40B82DBA9D7E21ACA97B7C /* Release */ = {
			isa = XCBuildConfiguration;
			buildSettings = {
				BUNDLE_LOADER = "$(TEST_HOST)";
				COMBINE_HIDPI_IMAGES = YES;
				GENERATE_INFOPLIST_FILE = YES;
				LD_RUNPATH_SEARCH_PATHS = (
					"$(inherited)",
					"@executable_path/Frameworks",
					"@loader_path/Frameworks",
				);
				PRODUCT_BUNDLE_IDENTIFIER = com.isaacyslin.Beacon.uitests;
				SDKROOT = macosx;
				TEST_TARGET_NAME = BeaconMac;
			};
			name = Release;
		};
		AFE7807B1615640FCC7860B0 /* Release */ = {
			isa = XCBuildConfiguration;
			buildSettings = {
				ALWAYS_SEARCH_USER_PATHS = NO;
				CLANG_ANALYZER_NONNULL = YES;
				CLANG_ANALYZER_NUMBER_OBJECT_CONVERSION = YES_AGGRESSIVE;
				CLANG_CXX_LANGUAGE_STANDARD = "gnu++14";
				CLANG_CXX_LIBRARY = "libc++";
				CLANG_ENABLE_MODULES = YES;
				CLANG_ENABLE_OBJC_ARC = YES;
				CLANG_ENABLE_OBJC_WEAK = YES;
				CLANG_WARN_BLOCK_CAPTURE_AUTORELEASING = YES;
				CLANG_WARN_BOOL_CONVERSION = YES;
				CLANG_WARN_COMMA = YES;
				CLANG_WARN_CONSTANT_CONVERSION = YES;
				CLANG_WARN_DEPRECATED_OBJC_IMPLEMENTATIONS = YES;
				CLANG_WARN_DIRECT_OBJC_ISA_USAGE = YES_ERROR;
				CLANG_WARN_DOCUMENTATION_COMMENTS = YES;
				CLANG_WARN_EMPTY_BODY = YES;
				CLANG_WARN_ENUM_CONVERSION = YES;
				CLANG_WARN_INFINITE_RECURSION = YES;
				CLANG_WARN_INT_CONVERSION = YES;
				CLANG_WARN_NON_LITERAL_NULL_CONVERSION = YES;
				CLANG_WARN_OBJC_IMPLICIT_RETAIN_SELF = YES;
				CLANG_WARN_OBJC_LITERAL_CONVERSION = YES;
				CLANG_WARN_OBJC_ROOT_CLASS = YES_ERROR;
				CLANG_WARN_QUOTED_INCLUDE_IN_FRAMEWORK_HEADER = YES;
				CLANG_WARN_RANGE_LOOP_ANALYSIS = YES;
				CLANG_WARN_STRICT_PROTOTYPES = YES;
				CLANG_WARN_SUSPICIOUS_MOVE = YES;
				CLANG_WARN_UNGUARDED_AVAILABILITY = YES_AGGRESSIVE;
				CLANG_WARN_UNREACHABLE_CODE = YES;
				CLANG_WARN__DUPLICATE_METHOD_MATCH = YES;
				CODE_SIGNING_ALLOWED = NO;
				CODE_SIGN_STYLE = Manual;
				COPY_PHASE_STRIP = NO;
				DEBUG_INFORMATION_FORMAT = "dwarf-with-dsym";
				ENABLE_DEBUG_DYLIB = NO;
				ENABLE_NS_ASSERTIONS = NO;
				ENABLE_STRICT_OBJC_MSGSEND = YES;
				GCC_C_LANGUAGE_STANDARD = gnu11;
				GCC_NO_COMMON_BLOCKS = YES;
				GCC_WARN_64_TO_32_BIT_CONVERSION = YES;
				GCC_WARN_ABOUT_RETURN_TYPE = YES_ERROR;
				GCC_WARN_UNDECLARED_SELECTOR = YES;
				GCC_WARN_UNINITIALIZED_AUTOS = YES_AGGRESSIVE;
				GCC_WARN_UNUSED_FUNCTION = YES;
				GCC_WARN_UNUSED_VARIABLE = YES;
				MACOSX_DEPLOYMENT_TARGET = 14.0;
				MTL_ENABLE_DEBUG_INFO = NO;
				MTL_FAST_MATH = YES;
				PRODUCT_NAME = "$(TARGET_NAME)";
				SDKROOT = macosx;
				SWIFT_COMPILATION_MODE = wholemodule;
				SWIFT_OPTIMIZATION_LEVEL = "-O";
				SWIFT_VERSION = 6.0;
			};
			name = Release;
		};
		B7241AF46875D8F983ABD02F /* Release */ = {
			isa = XCBuildConfiguration;
			buildSettings = {
				BUNDLE_LOADER = "$(TEST_HOST)";
				COMBINE_HIDPI_IMAGES = YES;
				LD_RUNPATH_SEARCH_PATHS = (
					"$(inherited)",
					"@executable_path/../Frameworks",
					"@loader_path/../Frameworks",
				);
				PRODUCT_BUNDLE_IDENTIFIER = com.isaacyslin.Beacon.tests;
				SDKROOT = macosx;
				TEST_HOST = "$(BUILT_PRODUCTS_DIR)/BeaconMac.app/Contents/MacOS/BeaconMac";
			};
			name = Release;
		};
		D089BFB129EC4D90B13FBD70 /* Debug */ = {
			isa = XCBuildConfiguration;
			buildSettings = {
				ASSETCATALOG_COMPILER_APPICON_NAME = AppIcon;
				CODE_SIGN_ENTITLEMENTS = Beacon/Mac/BeaconMac.entitlements;
				COMBINE_HIDPI_IMAGES = YES;
				INFOPLIST_FILE = Beacon/Mac/Info.plist;
				INFOPLIST_PREPROCESS = YES;
				INFOPLIST_PREPROCESSOR_DEFINITIONS = "BEACON_LSUIELEMENT=0";
				LD_RUNPATH_SEARCH_PATHS = (
					"$(inherited)",
					"@executable_path/../Frameworks",
				);
				PRODUCT_BUNDLE_IDENTIFIER = com.isaacyslin.Beacon.mac;
				PRODUCT_MODULE_NAME = Beacon;
				SDKROOT = macosx;
			};
			name = Debug;
		};
		E5817567C45C64BFB73AD6E5 /* Debug */ = {
			isa = XCBuildConfiguration;
			buildSettings = {
				ALWAYS_SEARCH_USER_PATHS = NO;
				CLANG_ANALYZER_NONNULL = YES;
				CLANG_ANALYZER_NUMBER_OBJECT_CONVERSION = YES_AGGRESSIVE;
				CLANG_CXX_LANGUAGE_STANDARD = "gnu++14";
				CLANG_CXX_LIBRARY = "libc++";
				CLANG_ENABLE_MODULES = YES;
				CLANG_ENABLE_OBJC_ARC = YES;
				CLANG_ENABLE_OBJC_WEAK = YES;
				CLANG_WARN_BLOCK_CAPTURE_AUTORELEASING = YES;
				CLANG_WARN_BOOL_CONVERSION = YES;
				CLANG_WARN_COMMA = YES;
				CLANG_WARN_CONSTANT_CONVERSION = YES;
				CLANG_WARN_DEPRECATED_OBJC_IMPLEMENTATIONS = YES;
				CLANG_WARN_DIRECT_OBJC_ISA_USAGE = YES_ERROR;
				CLANG_WARN_DOCUMENTATION_COMMENTS = YES;
				CLANG_WARN_EMPTY_BODY = YES;
				CLANG_WARN_ENUM_CONVERSION = YES;
				CLANG_WARN_INFINITE_RECURSION = YES;
				CLANG_WARN_INT_CONVERSION = YES;
				CLANG_WARN_NON_LITERAL_NULL_CONVERSION = YES;
				CLANG_WARN_OBJC_IMPLICIT_RETAIN_SELF = YES;
				CLANG_WARN_OBJC_LITERAL_CONVERSION = YES;
				CLANG_WARN_OBJC_ROOT_CLASS = YES_ERROR;
				CLANG_WARN_QUOTED_INCLUDE_IN_FRAMEWORK_HEADER = YES;
				CLANG_WARN_RANGE_LOOP_ANALYSIS = YES;
				CLANG_WARN_STRICT_PROTOTYPES = YES;
				CLANG_WARN_SUSPICIOUS_MOVE = YES;
				CLANG_WARN_UNGUARDED_AVAILABILITY = YES_AGGRESSIVE;
				CLANG_WARN_UNREACHABLE_CODE = YES;
				CLANG_WARN__DUPLICATE_METHOD_MATCH = YES;
				CODE_SIGNING_ALLOWED = NO;
				CODE_SIGN_STYLE = Manual;
				COPY_PHASE_STRIP = NO;
				DEBUG_INFORMATION_FORMAT = dwarf;
				ENABLE_DEBUG_DYLIB = NO;
				ENABLE_STRICT_OBJC_MSGSEND = YES;
				ENABLE_TESTABILITY = YES;
				GCC_C_LANGUAGE_STANDARD = gnu11;
				GCC_DYNAMIC_NO_PIC = NO;
				GCC_NO_COMMON_BLOCKS = YES;
				GCC_OPTIMIZATION_LEVEL = 0;
				GCC_PREPROCESSOR_DEFINITIONS = (
					"$(inherited)",
					"DEBUG=1",
				);
				GCC_WARN_64_TO_32_BIT_CONVERSION = YES;
				GCC_WARN_ABOUT_RETURN_TYPE = YES_ERROR;
				GCC_WARN_UNDECLARED_SELECTOR = YES;
				GCC_WARN_UNINITIALIZED_AUTOS = YES_AGGRESSIVE;
				GCC_WARN_UNUSED_FUNCTION = YES;
				GCC_WARN_UNUSED_VARIABLE = YES;
				MACOSX_DEPLOYMENT_TARGET = 14.0;
				MTL_ENABLE_DEBUG_INFO = INCLUDE_SOURCE;
				MTL_FAST_MATH = YES;
				ONLY_ACTIVE_ARCH = YES;
				PRODUCT_NAME = "$(TARGET_NAME)";
				SDKROOT = macosx;
				SWIFT_ACTIVE_COMPILATION_CONDITIONS = DEBUG;
				SWIFT_OPTIMIZATION_LEVEL = "-Onone";
				SWIFT_VERSION = 6.0;
			};
			name = Debug;
		};
		F1C89BAD52BFDB36B17A6801 /* Release */ = {
			isa = XCBuildConfiguration;
			buildSettings = {
				ASSETCATALOG_COMPILER_APPICON_NAME = AppIcon;
				CODE_SIGN_ENTITLEMENTS = Beacon/Mac/BeaconMac.entitlements;
				COMBINE_HIDPI_IMAGES = YES;
				INFOPLIST_FILE = Beacon/Mac/Info.plist;
				INFOPLIST_PREPROCESS = YES;
				INFOPLIST_PREPROCESSOR_DEFINITIONS = "BEACON_LSUIELEMENT=1";
				LD_RUNPATH_SEARCH_PATHS = (
					"$(inherited)",
					"@executable_path/../Frameworks",
				);
				PRODUCT_BUNDLE_IDENTIFIER = com.isaacyslin.Beacon.mac;
				PRODUCT_MODULE_NAME = Beacon;
				SDKROOT = macosx;
			};
			name = Release;
		};
/* End XCBuildConfiguration section */

/* Begin XCConfigurationList section */
		174F3405B4A65D94F1324C19 /* Build configuration list for PBXNativeTarget "BeaconUITests" */ = {
			isa = XCConfigurationList;
			buildConfigurations = (
				199343B2CFAE33B9A10B8B84 /* Debug */,
				9E40B82DBA9D7E21ACA97B7C /* Release */,
			);
			defaultConfigurationIsVisible = 0;
			defaultConfigurationName = Debug;
		};
		23F7DF56A173EBF103899977 /* Build configuration list for PBXNativeTarget "BeaconTests" */ = {
			isa = XCConfigurationList;
			buildConfigurations = (
				4BAB7C4A26FEAE877BDDA78F /* Debug */,
				B7241AF46875D8F983ABD02F /* Release */,
			);
			defaultConfigurationIsVisible = 0;
			defaultConfigurationName = Debug;
		};
		880646F2C181B43B6D369452 /* Build configuration list for PBXProject "Beacon" */ = {
			isa = XCConfigurationList;
			buildConfigurations = (
				E5817567C45C64BFB73AD6E5 /* Debug */,
				AFE7807B1615640FCC7860B0 /* Release */,
			);
			defaultConfigurationIsVisible = 0;
			defaultConfigurationName = Debug;
		};
		FC6561D19700C0783C1D33D1 /* Build configuration list for PBXNativeTarget "BeaconMac" */ = {
			isa = XCConfigurationList;
			buildConfigurations = (
				D089BFB129EC4D90B13FBD70 /* Debug */,
				F1C89BAD52BFDB36B17A6801 /* Release */,
			);
			defaultConfigurationIsVisible = 0;
			defaultConfigurationName = Debug;
		};
/* End XCConfigurationList section */
	};
	rootObject = C6CDC17607DFF5D714886E77 /* Project object */;
}
